
Microsoft Visual Studio Solution File, Format Version 12.00
Project("{2150E333-8FDC-42A3-9474-1A3956D46DE8}") = "Shared", "Shared", "{393F08DA-20FF-40E9-B5B9-134E9322F8EC}"
EndProject
Project("{2150E333-8FDC-42A3-9474-1A3956D46DE8}") = "src", "src", "{19C3476E-68BD-4D6C-BA9C-2D2609C026EB}"
EndProject
Project("{2150E333-8FDC-42A3-9474-1A3956D46DE8}") = "Services", "Services", "{D06D6D69-EFB1-4762-8401-4B328ACE04E5}"
EndProject
Project("{FAE04EC0-301F-11D3-BF4B-00C04F79EFBC}") = "HelpDesk.Contracts", "HelpDesk.Contracts\HelpDesk.Contracts.csproj", "{80BD3FE6-D9EF-4D6A-9129-95673B6ADD23}"
EndProject
Project("{2150E333-8FDC-42A3-9474-1A3956D46DE8}") = "User", "User", "{6E7E4140-33B3-4586-A803-1BE7EA1DC1A2}"
EndProject
Project("{FAE04EC0-301F-11D3-BF4B-00C04F79EFBC}") = "User.Presentation", "User.Presentation\User.Presentation.csproj", "{0FCD40D5-EC8C-444B-B971-56225D478E08}"
EndProject
Project("{FAE04EC0-301F-11D3-BF4B-00C04F79EFBC}") = "User.Domain", "User.Domain\User.Domain.csproj", "{F7143FC6-583E-44F2-885A-2FE18E652EB8}"
EndProject
Project("{FAE04EC0-301F-11D3-BF4B-00C04F79EFBC}") = "User.Infrastructure", "User.Infrastructure\User.Infrastructure.csproj", "{EC3FD424-4BAF-4D24-B896-A4372E979819}"
EndProject
Project("{FAE04EC0-301F-11D3-BF4B-00C04F79EFBC}") = "User.Application", "User.Application\User.Application.csproj", "{1FEA6672-8702-4E2C-B2B0-DE095CB2DCC3}"
EndProject
Project("{2150E333-8FDC-42A3-9474-1A3956D46DE8}") = "Solution Items", "Solution Items", "{5DC05E29-C2CD-443C-AE09-8DDFC91CDA23}"
	ProjectSection(SolutionItems) = preProject
		docker-compose.yaml = docker-compose.yaml
	EndProjectSection
EndProject
Project("{2150E333-8FDC-42A3-9474-1A3956D46DE8}") = "ProblematicApplication", "ProblematicApplication", "{A0D1332D-E968-4B50-8D0C-B33D16730387}"
EndProject
Project("{FAE04EC0-301F-11D3-BF4B-00C04F79EFBC}") = "ProblematicApplication.Presentation", "ProblematicApplication.Presentation\ProblematicApplication.Presentation.csproj", "{DC6C1D5C-45D2-4E76-875F-C7A0A746DC54}"
EndProject
Project("{FAE04EC0-301F-11D3-BF4B-00C04F79EFBC}") = "ProblematicApplication.Domain", "ProblematicApplication.Domain\ProblematicApplication.Domain.csproj", "{88DB7CFA-8BBD-475C-9472-514BAE115D59}"
EndProject
Project("{FAE04EC0-301F-11D3-BF4B-00C04F79EFBC}") = "ProblematicApplication.Infrastructure", "ProblematicApplication.Infrastructure\ProblematicApplication.Infrastructure.csproj", "{3A165C04-ACC5-4A0C-840A-C8025578366C}"
EndProject
Project("{FAE04EC0-301F-11D3-BF4B-00C04F79EFBC}") = "ProblematicApplication.Application", "ProblematicApplication.Application\ProblematicApplication.Application.csproj", "{CFE4CEB5-7D1B-4B14-A82B-6F253DFA9DD4}"
EndProject
Project("{2150E333-8FDC-42A3-9474-1A3956D46DE8}") = "Category", "Category", "{914405A2-39EF-498A-A85A-B1287FFAC428}"
EndProject
Project("{FAE04EC0-301F-11D3-BF4B-00C04F79EFBC}") = "Category.Presentation", "Category.Presentation\Category.Presentation.csproj", "{9D83C99F-D6FF-478C-BA6B-3538FF996D0E}"
EndProject
Project("{FAE04EC0-301F-11D3-BF4B-00C04F79EFBC}") = "Category.Domain", "Category.Domain\Category.Domain.csproj", "{03C59212-0FF2-410B-BAFC-802042BE2584}"
EndProject
Project("{FAE04EC0-301F-11D3-BF4B-00C04F79EFBC}") = "Category.Application", "Category.Application\Category.Application.csproj", "{67262C15-6EAF-44BB-885B-1BFD41720175}"
EndProject
Project("{FAE04EC0-301F-11D3-BF4B-00C04F79EFBC}") = "Category.Infrastructure", "Category.Infrastructure\Category.Infrastructure.csproj", "{5957CDAB-0F0F-4E4A-92FD-E2DE51B109CF}"
EndProject
Global
	GlobalSection(SolutionConfigurationPlatforms) = preSolution
		Debug|Any CPU = Debug|Any CPU
		Release|Any CPU = Release|Any CPU
	EndGlobalSection
	GlobalSection(NestedProjects) = preSolution
		{D06D6D69-EFB1-4762-8401-4B328ACE04E5} = {19C3476E-68BD-4D6C-BA9C-2D2609C026EB}
		{80BD3FE6-D9EF-4D6A-9129-95673B6ADD23} = {393F08DA-20FF-40E9-B5B9-134E9322F8EC}
		{6E7E4140-33B3-4586-A803-1BE7EA1DC1A2} = {D06D6D69-EFB1-4762-8401-4B328ACE04E5}
		{0FCD40D5-EC8C-444B-B971-56225D478E08} = {6E7E4140-33B3-4586-A803-1BE7EA1DC1A2}
		{F7143FC6-583E-44F2-885A-2FE18E652EB8} = {6E7E4140-33B3-4586-A803-1BE7EA1DC1A2}
		{EC3FD424-4BAF-4D24-B896-A4372E979819} = {6E7E4140-33B3-4586-A803-1BE7EA1DC1A2}
		{1FEA6672-8702-4E2C-B2B0-DE095CB2DCC3} = {6E7E4140-33B3-4586-A803-1BE7EA1DC1A2}
		{A0D1332D-E968-4B50-8D0C-B33D16730387} = {D06D6D69-EFB1-4762-8401-4B328ACE04E5}
		{DC6C1D5C-45D2-4E76-875F-C7A0A746DC54} = {A0D1332D-E968-4B50-8D0C-B33D16730387}
		{88DB7CFA-8BBD-475C-9472-514BAE115D59} = {A0D1332D-E968-4B50-8D0C-B33D16730387}
		{3A165C04-ACC5-4A0C-840A-C8025578366C} = {A0D1332D-E968-4B50-8D0C-B33D16730387}
		{CFE4CEB5-7D1B-4B14-A82B-6F253DFA9DD4} = {A0D1332D-E968-4B50-8D0C-B33D16730387}
		{914405A2-39EF-498A-A85A-B1287FFAC428} = {D06D6D69-EFB1-4762-8401-4B328ACE04E5}
		{9D83C99F-D6FF-478C-BA6B-3538FF996D0E} = {914405A2-39EF-498A-A85A-B1287FFAC428}
		{03C59212-0FF2-410B-BAFC-802042BE2584} = {914405A2-39EF-498A-A85A-B1287FFAC428}
		{67262C15-6EAF-44BB-885B-1BFD41720175} = {914405A2-39EF-498A-A85A-B1287FFAC428}
		{5957CDAB-0F0F-4E4A-92FD-E2DE51B109CF} = {914405A2-39EF-498A-A85A-B1287FFAC428}
	EndGlobalSection
	GlobalSection(ProjectConfigurationPlatforms) = postSolution
		{80BD3FE6-D9EF-4D6A-9129-95673B6ADD23}.Debug|Any CPU.ActiveCfg = Debug|Any CPU
		{80BD3FE6-D9EF-4D6A-9129-95673B6ADD23}.Debug|Any CPU.Build.0 = Debug|Any CPU
		{80BD3FE6-D9EF-4D6A-9129-95673B6ADD23}.Release|Any CPU.ActiveCfg = Release|Any CPU
		{80BD3FE6-D9EF-4D6A-9129-95673B6ADD23}.Release|Any CPU.Build.0 = Release|Any CPU
		{0FCD40D5-EC8C-444B-B971-56225D478E08}.Debug|Any CPU.ActiveCfg = Debug|Any CPU
		{0FCD40D5-EC8C-444B-B971-56225D478E08}.Debug|Any CPU.Build.0 = Debug|Any CPU
		{0FCD40D5-EC8C-444B-B971-56225D478E08}.Release|Any CPU.ActiveCfg = Release|Any CPU
		{0FCD40D5-EC8C-444B-B971-56225D478E08}.Release|Any CPU.Build.0 = Release|Any CPU
		{F7143FC6-583E-44F2-885A-2FE18E652EB8}.Debug|Any CPU.ActiveCfg = Debug|Any CPU
		{F7143FC6-583E-44F2-885A-2FE18E652EB8}.Debug|Any CPU.Build.0 = Debug|Any CPU
		{F7143FC6-583E-44F2-885A-2FE18E652EB8}.Release|Any CPU.ActiveCfg = Release|Any CPU
		{F7143FC6-583E-44F2-885A-2FE18E652EB8}.Release|Any CPU.Build.0 = Release|Any CPU
		{EC3FD424-4BAF-4D24-B896-A4372E979819}.Debug|Any CPU.ActiveCfg = Debug|Any CPU
		{EC3FD424-4BAF-4D24-B896-A4372E979819}.Debug|Any CPU.Build.0 = Debug|Any CPU
		{EC3FD424-4BAF-4D24-B896-A4372E979819}.Release|Any CPU.ActiveCfg = Release|Any CPU
		{EC3FD424-4BAF-4D24-B896-A4372E979819}.Release|Any CPU.Build.0 = Release|Any CPU
		{1FEA6672-8702-4E2C-B2B0-DE095CB2DCC3}.Debug|Any CPU.ActiveCfg = Debug|Any CPU
		{1FEA6672-8702-4E2C-B2B0-DE095CB2DCC3}.Debug|Any CPU.Build.0 = Debug|Any CPU
		{1FEA6672-8702-4E2C-B2B0-DE095CB2DCC3}.Release|Any CPU.ActiveCfg = Release|Any CPU
		{1FEA6672-8702-4E2C-B2B0-DE095CB2DCC3}.Release|Any CPU.Build.0 = Release|Any CPU
		{DC6C1D5C-45D2-4E76-875F-C7A0A746DC54}.Debug|Any CPU.ActiveCfg = Debug|Any CPU
		{DC6C1D5C-45D2-4E76-875F-C7A0A746DC54}.Debug|Any CPU.Build.0 = Debug|Any CPU
		{DC6C1D5C-45D2-4E76-875F-C7A0A746DC54}.Release|Any CPU.ActiveCfg = Release|Any CPU
		{DC6C1D5C-45D2-4E76-875F-C7A0A746DC54}.Release|Any CPU.Build.0 = Release|Any CPU
		{88DB7CFA-8BBD-475C-9472-514BAE115D59}.Debug|Any CPU.ActiveCfg = Debug|Any CPU
		{88DB7CFA-8BBD-475C-9472-514BAE115D59}.Debug|Any CPU.Build.0 = Debug|Any CPU
		{88DB7CFA-8BBD-475C-9472-514BAE115D59}.Release|Any CPU.ActiveCfg = Release|Any CPU
		{88DB7CFA-8BBD-475C-9472-514BAE115D59}.Release|Any CPU.Build.0 = Release|Any CPU
		{3A165C04-ACC5-4A0C-840A-C8025578366C}.Debug|Any CPU.ActiveCfg = Debug|Any CPU
		{3A165C04-ACC5-4A0C-840A-C8025578366C}.Debug|Any CPU.Build.0 = Debug|Any CPU
		{3A165C04-ACC5-4A0C-840A-C8025578366C}.Release|Any CPU.ActiveCfg = Release|Any CPU
		{3A165C04-ACC5-4A0C-840A-C8025578366C}.Release|Any CPU.Build.0 = Release|Any CPU
		{CFE4CEB5-7D1B-4B14-A82B-6F253DFA9DD4}.Debug|Any CPU.ActiveCfg = Debug|Any CPU
		{CFE4CEB5-7D1B-4B14-A82B-6F253DFA9DD4}.Debug|Any CPU.Build.0 = Debug|Any CPU
		{CFE4CEB5-7D1B-4B14-A82B-6F253DFA9DD4}.Release|Any CPU.ActiveCfg = Release|Any CPU
		{CFE4CEB5-7D1B-4B14-A82B-6F253DFA9DD4}.Release|Any CPU.Build.0 = Release|Any CPU
		{9D83C99F-D6FF-478C-BA6B-3538FF996D0E}.Debug|Any CPU.ActiveCfg = Debug|Any CPU
		{9D83C99F-D6FF-478C-BA6B-3538FF996D0E}.Debug|Any CPU.Build.0 = Debug|Any CPU
		{9D83C99F-D6FF-478C-BA6B-3538FF996D0E}.Release|Any CPU.ActiveCfg = Release|Any CPU
		{9D83C99F-D6FF-478C-BA6B-3538FF996D0E}.Release|Any CPU.Build.0 = Release|Any CPU
		{03C59212-0FF2-410B-BAFC-802042BE2584}.Debug|Any CPU.ActiveCfg = Debug|Any CPU
		{03C59212-0FF2-410B-BAFC-802042BE2584}.Debug|Any CPU.Build.0 = Debug|Any CPU
		{03C59212-0FF2-410B-BAFC-802042BE2584}.Release|Any CPU.ActiveCfg = Release|Any CPU
		{03C59212-0FF2-410B-BAFC-802042BE2584}.Release|Any CPU.Build.0 = Release|Any CPU
		{67262C15-6EAF-44BB-885B-1BFD41720175}.Debug|Any CPU.ActiveCfg = Debug|Any CPU
		{67262C15-6EAF-44BB-885B-1BFD41720175}.Debug|Any CPU.Build.0 = Debug|Any CPU
		{67262C15-6EAF-44BB-885B-1BFD41720175}.Release|Any CPU.ActiveCfg = Release|Any CPU
		{67262C15-6EAF-44BB-885B-1BFD41720175}.Release|Any CPU.Build.0 = Release|Any CPU
		{5957CDAB-0F0F-4E4A-92FD-E2DE51B109CF}.Debug|Any CPU.ActiveCfg = Debug|Any CPU
		{5957CDAB-0F0F-4E4A-92FD-E2DE51B109CF}.Debug|Any CPU.Build.0 = Debug|Any CPU
		{5957CDAB-0F0F-4E4A-92FD-E2DE51B109CF}.Release|Any CPU.ActiveCfg = Release|Any CPU
		{5957CDAB-0F0F-4E4A-92FD-E2DE51B109CF}.Release|Any CPU.Build.0 = Release|Any CPU
	EndGlobalSection
EndGlobal
